// !$*UTF8*$!
{
	archiveVersion = 1;
	classes = {
	};
	objectVersion = 55;
	objects = {

/* Begin PBXBuildFile section */
		043B92B3298A5F9400BC650B /* TitleTextField.swift in Sources */ = {isa = PBXBuildFile; fileRef = 043B92B2298A5F9400BC650B /* TitleTextField.swift */; };
		04C49C062989C11000DE3B62 /* AppDelegate.swift in Sources */ = {isa = PBXBuildFile; fileRef = 04C49C052989C11000DE3B62 /* AppDelegate.swift */; };
		04C49C082989C11000DE3B62 /* SceneDelegate.swift in Sources */ = {isa = PBXBuildFile; fileRef = 04C49C072989C11000DE3B62 /* SceneDelegate.swift */; };
		04C49C0A2989C11000DE3B62 /* PlaylistViewController.swift in Sources */ = {isa = PBXBuildFile; fileRef = 04C49C092989C11000DE3B62 /* PlaylistViewController.swift */; };
		04C49C0F2989C11200DE3B62 /* Assets.xcassets in Resources */ = {isa = PBXBuildFile; fileRef = 04C49C0E2989C11200DE3B62 /* Assets.xcassets */; };
		04C49C122989C11200DE3B62 /* LaunchScreen.storyboard in Resources */ = {isa = PBXBuildFile; fileRef = 04C49C102989C11200DE3B62 /* LaunchScreen.storyboard */; };
		04C49C1E2989C1D800DE3B62 /* Extensions+Alert.swift in Sources */ = {isa = PBXBuildFile; fileRef = 04C49C1D2989C1D800DE3B62 /* Extensions+Alert.swift */; };
		04C49C202989C1FA00DE3B62 /* String+Extension.swift in Sources */ = {isa = PBXBuildFile; fileRef = 04C49C1F2989C1FA00DE3B62 /* String+Extension.swift */; };
		04C49C222989C21300DE3B62 /* UITableView+Reuse.swift in Sources */ = {isa = PBXBuildFile; fileRef = 04C49C212989C21300DE3B62 /* UITableView+Reuse.swift */; };
		04C49C242989C23100DE3B62 /* UITextField+Extension.swift in Sources */ = {isa = PBXBuildFile; fileRef = 04C49C232989C23100DE3B62 /* UITextField+Extension.swift */; };
		04C49C262989C24B00DE3B62 /* UIView+Autolayout.swift in Sources */ = {isa = PBXBuildFile; fileRef = 04C49C252989C24B00DE3B62 /* UIView+Autolayout.swift */; };
		04C49C282989C27700DE3B62 /* ViewControllerKeyboardListene.swift in Sources */ = {isa = PBXBuildFile; fileRef = 04C49C272989C27700DE3B62 /* ViewControllerKeyboardListene.swift */; };
		04C49C2C2989C2D300DE3B62 /* PlaylistMainDTO.swift in Sources */ = {isa = PBXBuildFile; fileRef = 04C49C2B2989C2D300DE3B62 /* PlaylistMainDTO.swift */; };
		04C49C2F2989C2F700DE3B62 /* PlaylistView.swift in Sources */ = {isa = PBXBuildFile; fileRef = 04C49C2E2989C2F700DE3B62 /* PlaylistView.swift */; };
		04C49C322989C34800DE3B62 /* PlaylistCell.swift in Sources */ = {isa = PBXBuildFile; fileRef = 04C49C312989C34800DE3B62 /* PlaylistCell.swift */; };
		04C49C352989C39600DE3B62 /* PlaylistCellViewModel.swift in Sources */ = {isa = PBXBuildFile; fileRef = 04C49C342989C39600DE3B62 /* PlaylistCellViewModel.swift */; };
		04C49C372989C3AD00DE3B62 /* PlaylistViewModel.swift in Sources */ = {isa = PBXBuildFile; fileRef = 04C49C362989C3AD00DE3B62 /* PlaylistViewModel.swift */; };
		04C49C3B2989C3EA00DE3B62 /* ImageLoaderService.swift in Sources */ = {isa = PBXBuildFile; fileRef = 04C49C3A2989C3EA00DE3B62 /* ImageLoaderService.swift */; };
		04C49C3F2989C41200DE3B62 /* PlayListDTO.swift in Sources */ = {isa = PBXBuildFile; fileRef = 04C49C3E2989C41200DE3B62 /* PlayListDTO.swift */; };
		04C49C422989C43100DE3B62 /* DefaultNetworkClien.swift in Sources */ = {isa = PBXBuildFile; fileRef = 04C49C412989C43100DE3B62 /* DefaultNetworkClien.swift */; };
		04C49C442989C44B00DE3B62 /* NetworkError.swift in Sources */ = {isa = PBXBuildFile; fileRef = 04C49C432989C44B00DE3B62 /* NetworkError.swift */; };
		04C49C472989C46900DE3B62 /* PlaylistRequestFactory.swift in Sources */ = {isa = PBXBuildFile; fileRef = 04C49C462989C46900DE3B62 /* PlaylistRequestFactory.swift */; };
		04C49C4C2989C4B200DE3B62 /* Constants.swift in Sources */ = {isa = PBXBuildFile; fileRef = 04C49C4B2989C4B200DE3B62 /* Constants.swift */; };
		04C49C4F2989C57800DE3B62 /* StackView.swift in Sources */ = {isa = PBXBuildFile; fileRef = 04C49C4E2989C57800DE3B62 /* StackView.swift */; };
/* End PBXBuildFile section */

/* Begin PBXFileReference section */
		043B92B2298A5F9400BC650B /* TitleTextField.swift */ = {isa = PBXFileReference; lastKnownFileType = sourcecode.swift; path = TitleTextField.swift; sourceTree = "<group>"; };
		04C49C022989C11000DE3B62 /* PlaylistTestTask.app */ = {isa = PBXFileReference; explicitFileType = wrapper.application; includeInIndex = 0; path = PlaylistTestTask.app; sourceTree = BUILT_PRODUCTS_DIR; };
		04C49C052989C11000DE3B62 /* AppDelegate.swift */ = {isa = PBXFileReference; lastKnownFileType = sourcecode.swift; path = AppDelegate.swift; sourceTree = "<group>"; };
		04C49C072989C11000DE3B62 /* SceneDelegate.swift */ = {isa = PBXFileReference; lastKnownFileType = sourcecode.swift; path = SceneDelegate.swift; sourceTree = "<group>"; };
		04C49C092989C11000DE3B62 /* PlaylistViewController.swift */ = {isa = PBXFileReference; lastKnownFileType = sourcecode.swift; path = PlaylistViewController.swift; sourceTree = "<group>"; };
		04C49C0E2989C11200DE3B62 /* Assets.xcassets */ = {isa = PBXFileReference; lastKnownFileType = folder.assetcatalog; path = Assets.xcassets; sourceTree = "<group>"; };
		04C49C112989C11200DE3B62 /* Base */ = {isa = PBXFileReference; lastKnownFileType = file.storyboard; name = Base; path = Base.lproj/LaunchScreen.storyboard; sourceTree = "<group>"; };
		04C49C132989C11200DE3B62 /* Info.plist */ = {isa = PBXFileReference; lastKnownFileType = text.plist.xml; path = Info.plist; sourceTree = "<group>"; };
		04C49C1D2989C1D800DE3B62 /* Extensions+Alert.swift */ = {isa = PBXFileReference; lastKnownFileType = sourcecode.swift; path = "Extensions+Alert.swift"; sourceTree = "<group>"; };
		04C49C1F2989C1FA00DE3B62 /* String+Extension.swift */ = {isa = PBXFileReference; lastKnownFileType = sourcecode.swift; path = "String+Extension.swift"; sourceTree = "<group>"; };
		04C49C212989C21300DE3B62 /* UITableView+Reuse.swift */ = {isa = PBXFileReference; lastKnownFileType = sourcecode.swift; path = "UITableView+Reuse.swift"; sourceTree = "<group>"; };
		04C49C232989C23100DE3B62 /* UITextField+Extension.swift */ = {isa = PBXFileReference; lastKnownFileType = sourcecode.swift; path = "UITextField+Extension.swift"; sourceTree = "<group>"; };
		04C49C252989C24B00DE3B62 /* UIView+Autolayout.swift */ = {isa = PBXFileReference; lastKnownFileType = sourcecode.swift; path = "UIView+Autolayout.swift"; sourceTree = "<group>"; };
		04C49C272989C27700DE3B62 /* ViewControllerKeyboardListene.swift */ = {isa = PBXFileReference; lastKnownFileType = sourcecode.swift; path = ViewControllerKeyboardListene.swift; sourceTree = "<group>"; };
		04C49C2B2989C2D300DE3B62 /* PlaylistMainDTO.swift */ = {isa = PBXFileReference; lastKnownFileType = sourcecode.swift; path = PlaylistMainDTO.swift; sourceTree = "<group>"; };
		04C49C2E2989C2F700DE3B62 /* PlaylistView.swift */ = {isa = PBXFileReference; lastKnownFileType = sourcecode.swift; path = PlaylistView.swift; sourceTree = "<group>"; };
		04C49C312989C34800DE3B62 /* PlaylistCell.swift */ = {isa = PBXFileReference; lastKnownFileType = sourcecode.swift; path = PlaylistCell.swift; sourceTree = "<group>"; };
		04C49C342989C39600DE3B62 /* PlaylistCellViewModel.swift */ = {isa = PBXFileReference; lastKnownFileType = sourcecode.swift; path = PlaylistCellViewModel.swift; sourceTree = "<group>"; };
		04C49C362989C3AD00DE3B62 /* PlaylistViewModel.swift */ = {isa = PBXFileReference; lastKnownFileType = sourcecode.swift; path = PlaylistViewModel.swift; sourceTree = "<group>"; };
		04C49C3A2989C3EA00DE3B62 /* ImageLoaderService.swift */ = {isa = PBXFileReference; lastKnownFileType = sourcecode.swift; path = ImageLoaderService.swift; sourceTree = "<group>"; };
		04C49C3E2989C41200DE3B62 /* PlayListDTO.swift */ = {isa = PBXFileReference; lastKnownFileType = sourcecode.swift; path = PlayListDTO.swift; sourceTree = "<group>"; };
		04C49C412989C43100DE3B62 /* DefaultNetworkClien.swift */ = {isa = PBXFileReference; lastKnownFileType = sourcecode.swift; path = DefaultNetworkClien.swift; sourceTree = "<group>"; };
		04C49C432989C44B00DE3B62 /* NetworkError.swift */ = {isa = PBXFileReference; lastKnownFileType = sourcecode.swift; path = NetworkError.swift; sourceTree = "<group>"; };
		04C49C462989C46900DE3B62 /* PlaylistRequestFactory.swift */ = {isa = PBXFileReference; lastKnownFileType = sourcecode.swift; path = PlaylistRequestFactory.swift; sourceTree = "<group>"; };
		04C49C4B2989C4B200DE3B62 /* Constants.swift */ = {isa = PBXFileReference; lastKnownFileType = sourcecode.swift; path = Constants.swift; sourceTree = "<group>"; };
		04C49C4E2989C57800DE3B62 /* StackView.swift */ = {isa = PBXFileReference; lastKnownFileType = sourcecode.swift; path = StackView.swift; sourceTree = "<group>"; };
/* End PBXFileReference section */

/* Begin PBXFrameworksBuildPhase section */
		04C49BFF2989C11000DE3B62 /* Frameworks */ = {
			isa = PBXFrameworksBuildPhase;
			buildActionMask = 2147483647;
			files = (
			);
			runOnlyForDeploymentPostprocessing = 0;
		};
/* End PBXFrameworksBuildPhase section */

/* Begin PBXGroup section */
		04C49BF92989C11000DE3B62 = {
			isa = PBXGroup;
			children = (
				04C49C042989C11000DE3B62 /* PlaylistTestTask */,
				04C49C032989C11000DE3B62 /* Products */,
			);
			sourceTree = "<group>";
		};
		04C49C032989C11000DE3B62 /* Products */ = {
			isa = PBXGroup;
			children = (
				04C49C022989C11000DE3B62 /* PlaylistTestTask.app */,
			);
			name = Products;
			sourceTree = "<group>";
		};
		04C49C042989C11000DE3B62 /* PlaylistTestTask */ = {
			isa = PBXGroup;
			children = (
				04C49C192989C12400DE3B62 /* Sources */,
				04C49C482989C48000DE3B62 /* Resources */,
			);
			path = PlaylistTestTask;
			sourceTree = "<group>";
		};
		04C49C192989C12400DE3B62 /* Sources */ = {
			isa = PBXGroup;
			children = (
				04C49C1A2989C13200DE3B62 /* Application */,
				04C49C382989C3D200DE3B62 /* Services */,
				04C49C1B2989C1AC00DE3B62 /* AppLayers */,
			);
			path = Sources;
			sourceTree = "<group>";
		};
		04C49C1A2989C13200DE3B62 /* Application */ = {
			isa = PBXGroup;
			children = (
				04C49C052989C11000DE3B62 /* AppDelegate.swift */,
				04C49C072989C11000DE3B62 /* SceneDelegate.swift */,
			);
			path = Application;
			sourceTree = "<group>";
		};
		04C49C1B2989C1AC00DE3B62 /* AppLayers */ = {
			isa = PBXGroup;
			children = (
				04C49C1C2989C1B900DE3B62 /* Extensions */,
				04C49C4D2989C56900DE3B62 /* Views */,
				04C49C292989C2B700DE3B62 /* PlaylistModule */,
			);
			path = AppLayers;
			sourceTree = "<group>";
		};
		04C49C1C2989C1B900DE3B62 /* Extensions */ = {
			isa = PBXGroup;
			children = (
				04C49C1D2989C1D800DE3B62 /* Extensions+Alert.swift */,
				04C49C1F2989C1FA00DE3B62 /* String+Extension.swift */,
				04C49C212989C21300DE3B62 /* UITableView+Reuse.swift */,
				04C49C232989C23100DE3B62 /* UITextField+Extension.swift */,
				04C49C252989C24B00DE3B62 /* UIView+Autolayout.swift */,
				04C49C272989C27700DE3B62 /* ViewControllerKeyboardListene.swift */,
			);
			path = Extensions;
			sourceTree = "<group>";
		};
		04C49C292989C2B700DE3B62 /* PlaylistModule */ = {
			isa = PBXGroup;
			children = (
				04C49C2A2989C2C600DE3B62 /* PlaylistMainDTO */,
				04C49C332989C38600DE3B62 /* ViewModel */,
				04C49C2D2989C2E700DE3B62 /* View */,
			);
			name = PlaylistModule;
			path = ../PlaylistModule;
			sourceTree = "<group>";
		};
		04C49C2A2989C2C600DE3B62 /* PlaylistMainDTO */ = {
			isa = PBXGroup;
			children = (
				04C49C2B2989C2D300DE3B62 /* PlaylistMainDTO.swift */,
			);
			path = PlaylistMainDTO;
			sourceTree = "<group>";
		};
		04C49C2D2989C2E700DE3B62 /* View */ = {
			isa = PBXGroup;
			children = (
				04C49C302989C33D00DE3B62 /* Cell */,
				04C49C2E2989C2F700DE3B62 /* PlaylistView.swift */,
				04C49C092989C11000DE3B62 /* PlaylistViewController.swift */,
			);
			path = View;
			sourceTree = "<group>";
		};
		04C49C302989C33D00DE3B62 /* Cell */ = {
			isa = PBXGroup;
			children = (
				04C49C312989C34800DE3B62 /* PlaylistCell.swift */,
			);
			path = Cell;
			sourceTree = "<group>";
		};
		04C49C332989C38600DE3B62 /* ViewModel */ = {
			isa = PBXGroup;
			children = (
				04C49C342989C39600DE3B62 /* PlaylistCellViewModel.swift */,
				04C49C362989C3AD00DE3B62 /* PlaylistViewModel.swift */,
			);
			path = ViewModel;
			sourceTree = "<group>";
		};
		04C49C382989C3D200DE3B62 /* Services */ = {
			isa = PBXGroup;
			children = (
				04C49C3C2989C3F800DE3B62 /* NetworkService */,
				04C49C392989C3DD00DE3B62 /* ImageLoaderService */,
			);
			path = Services;
			sourceTree = "<group>";
		};
		04C49C392989C3DD00DE3B62 /* ImageLoaderService */ = {
			isa = PBXGroup;
			children = (
				04C49C3A2989C3EA00DE3B62 /* ImageLoaderService.swift */,
			);
			path = ImageLoaderService;
			sourceTree = "<group>";
		};
		04C49C3C2989C3F800DE3B62 /* NetworkService */ = {
			isa = PBXGroup;
			children = (
				04C49C452989C45D00DE3B62 /* OrdersRequestFactory */,
				04C49C402989C42400DE3B62 /* NetworkLayer */,
				04C49C3D2989C40200DE3B62 /* ModelLayer */,
			);
			path = NetworkService;
			sourceTree = "<group>";
		};
		04C49C3D2989C40200DE3B62 /* ModelLayer */ = {
			isa = PBXGroup;
			children = (
				04C49C3E2989C41200DE3B62 /* PlayListDTO.swift */,
			);
			path = ModelLayer;
			sourceTree = "<group>";
		};
		04C49C402989C42400DE3B62 /* NetworkLayer */ = {
			isa = PBXGroup;
			children = (
				04C49C412989C43100DE3B62 /* DefaultNetworkClien.swift */,
				04C49C432989C44B00DE3B62 /* NetworkError.swift */,
			);
			path = NetworkLayer;
			sourceTree = "<group>";
		};
		04C49C452989C45D00DE3B62 /* OrdersRequestFactory */ = {
			isa = PBXGroup;
			children = (
				04C49C462989C46900DE3B62 /* PlaylistRequestFactory.swift */,
			);
			path = OrdersRequestFactory;
			sourceTree = "<group>";
		};
		04C49C482989C48000DE3B62 /* Resources */ = {
			isa = PBXGroup;
			children = (
				04C49C4A2989C49800DE3B62 /* Supporting files */,
				04C49C492989C48900DE3B62 /* Configuration */,
			);
			path = Resources;
			sourceTree = "<group>";
		};
		04C49C492989C48900DE3B62 /* Configuration */ = {
			isa = PBXGroup;
			children = (
				04C49C132989C11200DE3B62 /* Info.plist */,
			);
			path = Configuration;
			sourceTree = "<group>";
		};
		04C49C4A2989C49800DE3B62 /* Supporting files */ = {
			isa = PBXGroup;
			children = (
				04C49C0E2989C11200DE3B62 /* Assets.xcassets */,
				04C49C102989C11200DE3B62 /* LaunchScreen.storyboard */,
				04C49C4B2989C4B200DE3B62 /* Constants.swift */,
			);
			path = "Supporting files";
			sourceTree = "<group>";
		};
		04C49C4D2989C56900DE3B62 /* Views */ = {
			isa = PBXGroup;
			children = (
				04C49C4E2989C57800DE3B62 /* StackView.swift */,
				043B92B2298A5F9400BC650B /* TitleTextField.swift */,
			);
			path = Views;
			sourceTree = "<group>";
		};
/* End PBXGroup section */

/* Begin PBXNativeTarget section */
		04C49C012989C11000DE3B62 /* PlaylistTestTask */ = {
			isa = PBXNativeTarget;
			buildConfigurationList = 04C49C162989C11200DE3B62 /* Build configuration list for PBXNativeTarget "PlaylistTestTask" */;
			buildPhases = (
				04C49BFE2989C11000DE3B62 /* Sources */,
				04C49BFF2989C11000DE3B62 /* Frameworks */,
				04C49C002989C11000DE3B62 /* Resources */,
			);
			buildRules = (
			);
			dependencies = (
			);
			name = PlaylistTestTask;
			productName = PlaylistTestTask;
			productReference = 04C49C022989C11000DE3B62 /* PlaylistTestTask.app */;
			productType = "com.apple.product-type.application";
		};
/* End PBXNativeTarget section */

/* Begin PBXProject section */
		04C49BFA2989C11000DE3B62 /* Project object */ = {
			isa = PBXProject;
			attributes = {
				BuildIndependentTargetsInParallel = 1;
				LastSwiftUpdateCheck = 1400;
				LastUpgradeCheck = 1400;
				TargetAttributes = {
					04C49C012989C11000DE3B62 = {
						CreatedOnToolsVersion = 14.0.1;
					};
				};
			};
			buildConfigurationList = 04C49BFD2989C11000DE3B62 /* Build configuration list for PBXProject "PlaylistTestTask" */;
			compatibilityVersion = "Xcode 13.0";
			developmentRegion = en;
			hasScannedForEncodings = 0;
			knownRegions = (
				en,
				Base,
			);
			mainGroup = 04C49BF92989C11000DE3B62;
			productRefGroup = 04C49C032989C11000DE3B62 /* Products */;
			projectDirPath = "";
			projectRoot = "";
			targets = (
				04C49C012989C11000DE3B62 /* PlaylistTestTask */,
			);
		};
/* End PBXProject section */

/* Begin PBXResourcesBuildPhase section */
		04C49C002989C11000DE3B62 /* Resources */ = {
			isa = PBXResourcesBuildPhase;
			buildActionMask = 2147483647;
			files = (
				04C49C122989C11200DE3B62 /* LaunchScreen.storyboard in Resources */,
				04C49C0F2989C11200DE3B62 /* Assets.xcassets in Resources */,
			);
			runOnlyForDeploymentPostprocessing = 0;
		};
/* End PBXResourcesBuildPhase section */

/* Begin PBXSourcesBuildPhase section */
		04C49BFE2989C11000DE3B62 /* Sources */ = {
			isa = PBXSourcesBuildPhase;
			buildActionMask = 2147483647;
			files = (
				04C49C472989C46900DE3B62 /* PlaylistRequestFactory.swift in Sources */,
				04C49C1E2989C1D800DE3B62 /* Extensions+Alert.swift in Sources */,
				04C49C0A2989C11000DE3B62 /* PlaylistViewController.swift in Sources */,
				04C49C352989C39600DE3B62 /* PlaylistCellViewModel.swift in Sources */,
				04C49C422989C43100DE3B62 /* DefaultNetworkClien.swift in Sources */,
				04C49C282989C27700DE3B62 /* ViewControllerKeyboardListene.swift in Sources */,
				04C49C222989C21300DE3B62 /* UITableView+Reuse.swift in Sources */,
				04C49C3F2989C41200DE3B62 /* PlayListDTO.swift in Sources */,
				04C49C4F2989C57800DE3B62 /* StackView.swift in Sources */,
				04C49C062989C11000DE3B62 /* AppDelegate.swift in Sources */,
				04C49C2F2989C2F700DE3B62 /* PlaylistView.swift in Sources */,
				04C49C242989C23100DE3B62 /* UITextField+Extension.swift in Sources */,
				04C49C262989C24B00DE3B62 /* UIView+Autolayout.swift in Sources */,
				04C49C3B2989C3EA00DE3B62 /* ImageLoaderService.swift in Sources */,
				04C49C202989C1FA00DE3B62 /* String+Extension.swift in Sources */,
				043B92B3298A5F9400BC650B /* TitleTextField.swift in Sources */,
				04C49C372989C3AD00DE3B62 /* PlaylistViewModel.swift in Sources */,
				04C49C4C2989C4B200DE3B62 /* Constants.swift in Sources */,
				04C49C2C2989C2D300DE3B62 /* PlaylistMainDTO.swift in Sources */,
				04C49C442989C44B00DE3B62 /* NetworkError.swift in Sources */,
				04C49C082989C11000DE3B62 /* SceneDelegate.swift in Sources */,
				04C49C322989C34800DE3B62 /* PlaylistCell.swift in Sources */,
			);
			runOnlyForDeploymentPostprocessing = 0;
		};
/* End PBXSourcesBuildPhase section */

/* Begin PBXVariantGroup section */
		04C49C102989C11200DE3B62 /* LaunchScreen.storyboard */ = {
			isa = PBXVariantGroup;
			children = (
				04C49C112989C11200DE3B62 /* Base */,
			);
			name = LaunchScreen.storyboard;
			sourceTree = "<group>";
		};
/* End PBXVariantGroup section */

/* Begin XCBuildConfiguration section */
		04C49C142989C11200DE3B62 /* Debug */ = {
			isa = XCBuildConfiguration;
			buildSettings = {
				ALWAYS_SEARCH_USER_PATHS = NO;
				CLANG_ANALYZER_NONNULL = YES;
				CLANG_ANALYZER_NUMBER_OBJECT_CONVERSION = YES_AGGRESSIVE;
				CLANG_CXX_LANGUAGE_STANDARD = "gnu++20";
				CLANG_ENABLE_MODULES = YES;
				CLANG_ENABLE_OBJC_ARC = YES;
				CLANG_ENABLE_OBJC_WEAK = YES;
				CLANG_WARN_BLOCK_CAPTURE_AUTORELEASING = YES;
				CLANG_WARN_BOOL_CONVERSION = YES;
				CLANG_WARN_COMMA = YES;
				CLANG_WARN_CONSTANT_CONVERSION = YES;
				CLANG_WARN_DEPRECATED_OBJC_IMPLEMENTATIONS = YES;
				CLANG_WARN_DIRECT_OBJC_ISA_USAGE = YES_ERROR;
				CLANG_WARN_DOCUMENTATION_COMMENTS = YES;
				CLANG_WARN_EMPTY_BODY = YES;
				CLANG_WARN_ENUM_CONVERSION = YES;
				CLANG_WARN_INFINITE_RECURSION = YES;
				CLANG_WARN_INT_CONVERSION = YES;
				CLANG_WARN_NON_LITERAL_NULL_CONVERSION = YES;
				CLANG_WARN_OBJC_IMPLICIT_RETAIN_SELF = YES;
				CLANG_WARN_OBJC_LITERAL_CONVERSION = YES;
				CLANG_WARN_OBJC_ROOT_CLASS = YES_ERROR;
				CLANG_WARN_QUOTED_INCLUDE_IN_FRAMEWORK_HEADER = YES;
				CLANG_WARN_RANGE_LOOP_ANALYSIS = YES;
				CLANG_WARN_STRICT_PROTOTYPES = YES;
				CLANG_WARN_SUSPICIOUS_MOVE = YES;
				CLANG_WARN_UNGUARDED_AVAILABILITY = YES_AGGRESSIVE;
				CLANG_WARN_UNREACHABLE_CODE = YES;
				CLANG_WARN__DUPLICATE_METHOD_MATCH = YES;
				COPY_PHASE_STRIP = NO;
				DEBUG_INFORMATION_FORMAT = dwarf;
				ENABLE_STRICT_OBJC_MSGSEND = YES;
				ENABLE_TESTABILITY = YES;
				GCC_C_LANGUAGE_STANDARD = gnu11;
				GCC_DYNAMIC_NO_PIC = NO;
				GCC_NO_COMMON_BLOCKS = YES;
				GCC_OPTIMIZATION_LEVEL = 0;
				GCC_PREPROCESSOR_DEFINITIONS = (
					"DEBUG=1",
					"$(inherited)",
				);
				GCC_WARN_64_TO_32_BIT_CONVERSION = YES;
				GCC_WARN_ABOUT_RETURN_TYPE = YES_ERROR;
				GCC_WARN_UNDECLARED_SELECTOR = YES;
				GCC_WARN_UNINITIALIZED_AUTOS = YES_AGGRESSIVE;
				GCC_WARN_UNUSED_FUNCTION = YES;
				GCC_WARN_UNUSED_VARIABLE = YES;
				IPHONEOS_DEPLOYMENT_TARGET = 12.0;
				MTL_ENABLE_DEBUG_INFO = INCLUDE_SOURCE;
				MTL_FAST_MATH = YES;
				ONLY_ACTIVE_ARCH = YES;
				SDKROOT = iphoneos;
				SWIFT_ACTIVE_COMPILATION_CONDITIONS = DEBUG;
				SWIFT_OPTIMIZATION_LEVEL = "-Onone";
			};
			name = Debug;
		};
		04C49C152989C11200DE3B62 /* Release */ = {
			isa = XCBuildConfiguration;
			buildSettings = {
				ALWAYS_SEARCH_USER_PATHS = NO;
				CLANG_ANALYZER_NONNULL = YES;
				CLANG_ANALYZER_NUMBER_OBJECT_CONVERSION = YES_AGGRESSIVE;
				CLANG_CXX_LANGUAGE_STANDARD = "gnu++20";
				CLANG_ENABLE_MODULES = YES;
				CLANG_ENABLE_OBJC_ARC = YES;
				CLANG_ENABLE_OBJC_WEAK = YES;
				CLANG_WARN_BLOCK_CAPTURE_AUTORELEASING = YES;
				CLANG_WARN_BOOL_CONVERSION = YES;
				CLANG_WARN_COMMA = YES;
				CLANG_WARN_CONSTANT_CONVERSION = YES;
				CLANG_WARN_DEPRECATED_OBJC_IMPLEMENTATIONS = YES;
				CLANG_WARN_DIRECT_OBJC_ISA_USAGE = YES_ERROR;
				CLANG_WARN_DOCUMENTATION_COMMENTS = YES;
				CLANG_WARN_EMPTY_BODY = YES;
				CLANG_WARN_ENUM_CONVERSION = YES;
				CLANG_WARN_INFINITE_RECURSION = YES;
				CLANG_WARN_INT_CONVERSION = YES;
				CLANG_WARN_NON_LITERAL_NULL_CONVERSION = YES;
				CLANG_WARN_OBJC_IMPLICIT_RETAIN_SELF = YES;
				CLANG_WARN_OBJC_LITERAL_CONVERSION = YES;
				CLANG_WARN_OBJC_ROOT_CLASS = YES_ERROR;
				CLANG_WARN_QUOTED_INCLUDE_IN_FRAMEWORK_HEADER = YES;
				CLANG_WARN_RANGE_LOOP_ANALYSIS = YES;
				CLANG_WARN_STRICT_PROTOTYPES = YES;
				CLANG_WARN_SUSPICIOUS_MOVE = YES;
				CLANG_WARN_UNGUARDED_AVAILABILITY = YES_AGGRESSIVE;
				CLANG_WARN_UNREACHABLE_CODE = YES;
				CLANG_WARN__DUPLICATE_METHOD_MATCH = YES;
				COPY_PHASE_STRIP = NO;
				DEBUG_INFORMATION_FORMAT = "dwarf-with-dsym";
				ENABLE_NS_ASSERTIONS = NO;
				ENABLE_STRICT_OBJC_MSGSEND = YES;
				GCC_C_LANGUAGE_STANDARD = gnu11;
				GCC_NO_COMMON_BLOCKS = YES;
				GCC_WARN_64_TO_32_BIT_CONVERSION = YES;
				GCC_WARN_ABOUT_RETURN_TYPE = YES_ERROR;
				GCC_WARN_UNDECLARED_SELECTOR = YES;
				GCC_WARN_UNINITIALIZED_AUTOS = YES_AGGRESSIVE;
				GCC_WARN_UNUSED_FUNCTION = YES;
				GCC_WARN_UNUSED_VARIABLE = YES;
				IPHONEOS_DEPLOYMENT_TARGET = 12.0;
				MTL_ENABLE_DEBUG_INFO = NO;
				MTL_FAST_MATH = YES;
				ONLY_ACTIVE_ARCH = YES;
				SDKROOT = iphoneos;
				SWIFT_COMPILATION_MODE = wholemodule;
				SWIFT_OPTIMIZATION_LEVEL = "-O";
				VALIDATE_PRODUCT = YES;
			};
			name = Release;
		};
		04C49C172989C11200DE3B62 /* Debug */ = {
			isa = XCBuildConfiguration;
			buildSettings = {
				ASSETCATALOG_COMPILER_APPICON_NAME = AppIcon;
				ASSETCATALOG_COMPILER_GLOBAL_ACCENT_COLOR_NAME = AccentColor;
				CODE_SIGN_STYLE = Automatic;
				CURRENT_PROJECT_VERSION = 1;
				DEVELOPMENT_TEAM = 4PMA8ARP43;
				GENERATE_INFOPLIST_FILE = YES;
				INFOPLIST_FILE = PlaylistTestTask/Resources/Configuration/Info.plist;
				INFOPLIST_KEY_UIApplicationSupportsIndirectInputEvents = YES;
				INFOPLIST_KEY_UILaunchStoryboardName = LaunchScreen;
				INFOPLIST_KEY_UISupportedInterfaceOrientations = UIInterfaceOrientationPortrait;
				INFOPLIST_KEY_UISupportedInterfaceOrientations_iPad = "UIInterfaceOrientationLandscapeLeft UIInterfaceOrientationLandscapeRight UIInterfaceOrientationPortrait UIInterfaceOrientationPortraitUpsideDown";
				IPHONEOS_DEPLOYMENT_TARGET = 13.0;
				LD_RUNPATH_SEARCH_PATHS = (
					"$(inherited)",
					"@executable_path/Frameworks",
				);
				MARKETING_VERSION = 1.0;
				PRODUCT_BUNDLE_IDENTIFIER = com.my.PlaylistTestTask;
				PRODUCT_NAME = "$(TARGET_NAME)";
				SUPPORTED_PLATFORMS = "iphoneos iphonesimulator";
				SUPPORTS_MACCATALYST = NO;
				SUPPORTS_MAC_DESIGNED_FOR_IPHONE_IPAD = NO;
				SWIFT_EMIT_LOC_STRINGS = YES;
				SWIFT_VERSION = 5.0;
				TARGETED_DEVICE_FAMILY = 1;
			};
			name = Debug;
		};
		04C49C182989C11200DE3B62 /* Release */ = {
			isa = XCBuildConfiguration;
			buildSettings = {
				ASSETCATALOG_COMPILER_APPICON_NAME = AppIcon;
				ASSETCATALOG_COMPILER_GLOBAL_ACCENT_COLOR_NAME = AccentColor;
				CODE_SIGN_IDENTITY = "Apple Development";
				CODE_SIGN_STYLE = Automatic;
				CURRENT_PROJECT_VERSION = 1;
				DEVELOPMENT_TEAM = 4PMA8ARP43;
				GENERATE_INFOPLIST_FILE = YES;
				INFOPLIST_FILE = PlaylistTestTask/Resources/Configuration/Info.plist;
				INFOPLIST_KEY_UIApplicationSupportsIndirectInputEvents = YES;
				INFOPLIST_KEY_UILaunchStoryboardName = LaunchScreen;
				INFOPLIST_KEY_UISupportedInterfaceOrientations = UIInterfaceOrientationPortrait;
				INFOPLIST_KEY_UISupportedInterfaceOrientations_iPad = "UIInterfaceOrientationLandscapeLeft UIInterfaceOrientationLandscapeRight UIInterfaceOrientationPortrait UIInterfaceOrientationPortraitUpsideDown";
				IPHONEOS_DEPLOYMENT_TARGET = 13.0;
				LD_RUNPATH_SEARCH_PATHS = (
					"$(inherited)",
					"@executable_path/Frameworks",
				);
				MARKETING_VERSION = 1.0;
				PRODUCT_BUNDLE_IDENTIFIER = com.my.PlaylistTestTask;
				PRODUCT_NAME = "$(TARGET_NAME)";
				PROVISIONING_PROFILE_SPECIFIER = "";
				SUPPORTED_PLATFORMS = "iphoneos iphonesimulator";
				SUPPORTS_MACCATALYST = NO;
				SUPPORTS_MAC_DESIGNED_FOR_IPHONE_IPAD = NO;
				SWIFT_EMIT_LOC_STRINGS = YES;
				SWIFT_VERSION = 5.0;
				TARGETED_DEVICE_FAMILY = 1;
			};
			name = Release;
		};
/* End XCBuildConfiguration section */

/* Begin XCConfigurationList section */
		04C49BFD2989C11000DE3B62 /* Build configuration list for PBXProject "PlaylistTestTask" */ = {
			isa = XCConfigurationList;
			buildConfigurations = (
				04C49C142989C11200DE3B62 /* Debug */,
				04C49C152989C11200DE3B62 /* Release */,
			);
			defaultConfigurationIsVisible = 0;
			defaultConfigurationName = Release;
		};
		04C49C162989C11200DE3B62 /* Build configuration list for PBXNativeTarget "PlaylistTestTask" */ = {
			isa = XCConfigurationList;
			buildConfigurations = (
				04C49C172989C11200DE3B62 /* Debug */,
				04C49C182989C11200DE3B62 /* Release */,
			);
			defaultConfigurationIsVisible = 0;
			defaultConfigurationName = Release;
		};
/* End XCConfigurationList section */
	};
	rootObject = 04C49BFA2989C11000DE3B62 /* Project object */;
}
